
Microsoft Visual Studio Solution File, Format Version 12.00
# Visual Studio Version 17
VisualStudioVersion = 17.4.33205.214
MinimumVisualStudioVersion = 10.0.40219.1
Project("{FAE04EC0-301F-11D3-BF4B-00C04F79EFBC}") = "dotnet-rpg-web-api", "dotnet-rpg-web-api\dotnet-rpg-web-api.csproj", "{764229FB-67A8-4889-A75C-CD5513FCA7D2}"
EndProject
Global
	GlobalSection(SolutionConfigurationPlatforms) = preSolution
		Debug|Any CPU = Debug|Any CPU
		Release|Any CPU = Release|Any CPU
	EndGlobalSection
	GlobalSection(ProjectConfigurationPlatforms) = postSolution
		{764229FB-67A8-4889-A75C-CD5513FCA7D2}.Debug|Any CPU.ActiveCfg = Debug|Any CPU
		{764229FB-67A8-4889-A75C-CD5513FCA7D2}.Debug|Any CPU.Build.0 = Debug|Any CPU
		{764229FB-67A8-4889-A75C-CD5513FCA7D2}.Release|Any CPU.ActiveCfg = Release|Any CPU
		{764229FB-67A8-4889-A75C-CD5513FCA7D2}.Release|Any CPU.Build.0 = Release|Any CPU
	EndGlobalSection
	GlobalSection(SolutionProperties) = preSolution
		HideSolutionNode = FALSE
	EndGlobalSection
	GlobalSection(ExtensibilityGlobals) = postSolution
		SolutionGuid = {FE8FC984-35F5-40B2-82AA-78CA08090567}
	EndGlobalSection
EndGlobal
